lockfileVersion: '9.0'

settings:
  autoInstallPeers: true
  excludeLinksFromLockfile: false

importers:

  .:
    dependencies:
      react:
        specifier: ^18.3.1
        version: 18.3.1
      react-dom:
        specifier: ^18.3.1
        version: 18.3.1(react@18.3.1)
    devDependencies:
      '@biomejs/biome':
        specifier: ^1.8.0
        version: 1.8.1
      '@rsbuild/core':
        specifier: ^0.7.7
        version: 0.7.7
      '@rsbuild/plugin-react':
        specifier: ^0.7.7
        version: 0.7.7(@rsbuild/core@0.7.7)(@swc/helpers@0.5.3)
      '@rsbuild/plugin-source-build':
        specifier: ^0.7.7
        version: 0.7.7(@rsbuild/core@0.7.7)(@swc/helpers@0.5.3)
      '@types/react':
        specifier: ^18.3.3
        version: 18.3.3
      '@types/react-dom':
        specifier: ^18.3.0
        version: 18.3.0
      typescript:
        specifier: ^5.4.2
        version: 5.4.5

packages:

  '@biomejs/biome@1.8.1':
    resolution: {integrity: sha512-fQXGfvq6DIXem12dGQCM2tNF+vsNHH1qs3C7WeOu75Pd0trduoTmoO7G4ntLJ2qDs5wuw981H+cxQhi1uHnAtA==}
    engines: {node: '>=14.21.3'}
    hasBin: true

  '@biomejs/cli-darwin-arm64@1.8.1':
    resolution: {integrity: sha512-XLiB7Uu6GALIOBWzQ2aMD0ru4Ly5/qSeQF7kk3AabzJ/kwsEWSe33iVySBP/SS2qv25cgqNiLksjGcw2bHT3mw==}
    engines: {node: '>=14.21.3'}
    cpu: [arm64]
    os: [darwin]

  '@biomejs/cli-darwin-x64@1.8.1':
    resolution: {integrity: sha512-uMTSxVLMfqkBVqyc25hSn83jBbp+wtWjzM/pHFlKXt3htJuw7FErVGW0nmQ9Sxa9vJ7GcqoltLMl28VQRIMYzg==}
    engines: {node: '>=14.21.3'}
    cpu: [x64]
    os: [darwin]

  '@biomejs/cli-linux-arm64-musl@1.8.1':
    resolution: {integrity: sha512-UQ8Wc01J0wQL+5AYOc7qkJn20B4PZmQL1KrmDZh7ot0DvD6aX4+8mmfd/dG5b6Zjo/44QvCKcvkFGCMRYuhWZA==}
    engines: {node: '>=14.21.3'}
    cpu: [arm64]
    os: [linux]

  '@biomejs/cli-linux-arm64@1.8.1':
    resolution: {integrity: sha512-3SzZRuC/9Oi2P2IBNPsEj0KXxSXUEYRR2kfRF/Ve8QAfGgrt4qnwuWd6QQKKN5R+oYH691qjm+cXBKEcrP1v/Q==}
    engines: {node: '>=14.21.3'}
    cpu: [arm64]
    os: [linux]

  '@biomejs/cli-linux-x64-musl@1.8.1':
    resolution: {integrity: sha512-fYbP/kNu/rtZ4kKzWVocIdqZOtBSUEg9qUhZaao3dy3CRzafR6u6KDtBeSCnt47O+iLnks1eOR1TUxzr5+QuqA==}
    engines: {node: '>=14.21.3'}
    cpu: [x64]
    os: [linux]

  '@biomejs/cli-linux-x64@1.8.1':
    resolution: {integrity: sha512-AeBycVdNrTzsyYKEOtR2R0Ph0hCD0sCshcp2aOnfGP0hCZbtFg09D0SdKLbyzKntisY41HxKVrydYiaApp+2uw==}
    engines: {node: '>=14.21.3'}
    cpu: [x64]
    os: [linux]

  '@biomejs/cli-win32-arm64@1.8.1':
    resolution: {integrity: sha512-6tEd1H/iFKpgpE3OIB7oNgW5XkjiVMzMRPL8zYoZ036YfuJ5nMYm9eB9H/y81+8Z76vL48fiYzMPotJwukGPqQ==}
    engines: {node: '>=14.21.3'}
    cpu: [arm64]
    os: [win32]

  '@biomejs/cli-win32-x64@1.8.1':
    resolution: {integrity: sha512-g2H31jJzYmS4jkvl6TiyEjEX+Nv79a5km/xn+5DARTp5MBFzC9gwceusSSB2AkJKqZzY131AiACAWjKrVt5Ijw==}
    engines: {node: '>=14.21.3'}
    cpu: [x64]
    os: [win32]

  '@module-federation/runtime-tools@0.1.6':
    resolution: {integrity: sha512-7ILVnzMIa0Dlc0Blck5tVZG1tnk1MmLnuZpLOMpbdW+zl+N6wdMjjHMjEZFCUAJh2E5XJ3BREwfX8Ets0nIkLg==}

  '@module-federation/runtime@0.1.6':
    resolution: {integrity: sha512-nj6a+yJ+QxmcE89qmrTl4lphBIoAds0PFPVGnqLRWflwAP88jrCcrrTqRhARegkFDL+wE9AE04+h6jzlbIfMKg==}

  '@module-federation/sdk@0.1.6':
    resolution: {integrity: sha512-qifXpyYLM7abUeEOIfv0oTkguZgRZuwh89YOAYIZJlkP6QbRG7DJMQvtM8X2yHXm9PTk0IYNnOJH0vNQCo6auQ==}

  '@module-federation/webpack-bundler-runtime@0.1.6':
    resolution: {integrity: sha512-K5WhKZ4RVNaMEtfHsd/9CNCgGKB0ipbm/tgweNNeC11mEuBTNxJ09Y630vg3WPkKv9vfMCuXg2p2Dk+Q/KWTSA==}

  '@nodelib/fs.scandir@2.1.5':
    resolution: {integrity: sha512-vq24Bq3ym5HEQm2NKCr3yXDwjc7vTsEThRDnkp2DK9p1uqLR+DHurm/NOTo0KG7HYHU7eppKZj3MyqYuMBf62g==}
    engines: {node: '>= 8'}

  '@nodelib/fs.stat@2.0.5':
    resolution: {integrity: sha512-RkhPPp2zrqDAQA/2jNhnztcPAlv64XdhIp7a7454A5ovI7Bukxgt7MX7udwAu3zg1DcpPU0rz3VV1SeaqvY4+A==}
    engines: {node: '>= 8'}

  '@nodelib/fs.walk@1.2.8':
    resolution: {integrity: sha512-oGB+UxlgWcgQkgwo8GcEGwemoTFt3FIO9ababBmaGwXIoBKZ+GTy0pP185beGg7Llih/NSHSV2XAs1lnznocSg==}
    engines: {node: '>= 8'}

  '@rsbuild/core@0.7.7':
    resolution: {integrity: sha512-thalodQRNOHk8G05CsdPm07GJKxmwTLeVYNIx1UKH7fFr7z/gsLsxIikez0tErY3SEBbQuFWFC+bYdX6dduVxw==}
    engines: {node: '>=16.0.0'}
    hasBin: true

  '@rsbuild/plugin-react@0.7.7':
    resolution: {integrity: sha512-L/YYdgu7A9I9Cd8ZgVjYnRGDNqkIH3Su/5GZGBQTIS6H0BJytIo21sl7eV/pUWyAeZJg/1NMWjYKVMUja70EFA==}
    peerDependencies:
      '@rsbuild/core': ^0.7.7

  '@rsbuild/plugin-source-build@0.7.7':
    resolution: {integrity: sha512-MycZfJhYyuWSJem4iZD7BtiZZyUvUQHSXaJ1sUXCe4oAhxGlx2xSCfKNMmcD6GkMiyNlhoIf4li7OfdSFK+eGQ==}
    peerDependencies:
      '@rsbuild/core': ^0.7.7

  '@rsbuild/shared@0.7.7':
    resolution: {integrity: sha512-xqHgpyVnAtf2WfJjn/Q7SCD+HbO0WsKwiaFm5U+jUNUYhJrrqO6Hf+ph/uUGv7LxDr4tiHNkZZH8BKHk6EtYbQ==}

  '@rspack/binding-darwin-arm64@0.7.3':
    resolution: {integrity: sha512-3Gg5yosndYYV0NpYiQ/+Z5UErKv5R7yijE59qVnXBRI80BbkSKUFA8Ulb4btc39l3Rx35ud4EBOALXHlLNA9CQ==}
    cpu: [arm64]
    os: [darwin]

  '@rspack/binding-darwin-x64@0.7.3':
    resolution: {integrity: sha512-VMOyiIGHOrwkPvvd3V8NKb0UW91hUnqJoQXdttoqbn+FNz9is/3GxPSiEyc+BISuoH1e9J9FATAq6diLqdJAAw==}
    cpu: [x64]
    os: [darwin]

  '@rspack/binding-linux-arm64-gnu@0.7.3':
    resolution: {integrity: sha512-Y1jArNhYSugH/BScvLGyodrjD0j3do1lNozSIOMXfmq0st/S5G+AmWWrxX06Ov6DudHW0EXEqC5oF9d9AbPKTg==}
    cpu: [arm64]
    os: [linux]

  '@rspack/binding-linux-arm64-musl@0.7.3':
    resolution: {integrity: sha512-R5PhdHBRUsVVtKdQNbRZyKEd7MsML3yuzXzM/3KhyYLyBUqkyMcVxgjDyFGtZsRZXmGv+N0xYKGpJVvhbukzrg==}
    cpu: [arm64]
    os: [linux]

  '@rspack/binding-linux-x64-gnu@0.7.3':
    resolution: {integrity: sha512-XX60MwIilJ4Pbvy4FVWf5CkROOa7ywnL/k8aVo6OMip62L2jiTpYfd85v/G2IQbeVDcE4967Pm782bpDFRCYfw==}
    cpu: [x64]
    os: [linux]

  '@rspack/binding-linux-x64-musl@0.7.3':
    resolution: {integrity: sha512-oIRXO2NoXnWj/oIXJuNUbCIRnumfLndqR8rXui1vni91TZ+yUFkE9S7mGPrbrBAUXovOaSaHxB0YYi5hZ8fy4A==}
    cpu: [x64]
    os: [linux]

  '@rspack/binding-win32-arm64-msvc@0.7.3':
    resolution: {integrity: sha512-XeQ6z6Oc8wkkLJCAkG8TyLkciui6PB7reJLOes3yy0AXUJnd6l7gfiDcjzeHJGATVRzuuJojP/FXurBMCQ76uA==}
    cpu: [arm64]
    os: [win32]

  '@rspack/binding-win32-ia32-msvc@0.7.3':
    resolution: {integrity: sha512-MWwswm5+v1Wd3DDJxFbCenOHOy8x+gGp0oBdLj0jlC5UntaaSvzfdb0H85AeVMYWPp584fOpAZfx0QPg3cg8yw==}
    cpu: [ia32]
    os: [win32]

  '@rspack/binding-win32-x64-msvc@0.7.3':
    resolution: {integrity: sha512-GzOTQxuJedTghyoUbW/RGbzbGRW+R1dRuZxer8Gtlv4558wxbCUj1d621nC2eZmELFc4RWbN9NFTwaecavttvQ==}
    cpu: [x64]
    os: [win32]

  '@rspack/binding@0.7.3':
    resolution: {integrity: sha512-VYPOtaCb1lphNrHozZXy9L5ODGU76kp7ozCpYbF/CTFq8xaSkvkhNHwWMGXE2TIOvWZImMBRBuYX8/kjz/HiSA==}

  '@rspack/core@0.7.3':
    resolution: {integrity: sha512-SUvt4P1nMML3Int2YE1Z2+noDIxjT/hzNtcKMXXqeFp4yFys37s7vC+BnCyzonvIbpxUg2gH+bCMCgav7+xR4A==}
    engines: {node: '>=16.0.0'}
    peerDependencies:
      '@swc/helpers': '>=0.5.1'
    peerDependenciesMeta:
      '@swc/helpers':
        optional: true

  '@rspack/plugin-react-refresh@0.7.3':
    resolution: {integrity: sha512-fuXXqb6Lhlt1Ynz35E3OAmb1po9EGWYtDJgDqzXVfA9DPcnCPIZpbx6hOLLTYQRYLic74w11J0H2FCUXMHVg1g==}
    peerDependencies:
      react-refresh: '>=0.10.0 <1.0.0'
    peerDependenciesMeta:
      react-refresh:
        optional: true

  '@swc/helpers@0.5.3':
    resolution: {integrity: sha512-FaruWX6KdudYloq1AHD/4nU+UsMTdNE8CKyrseXWEcgjDAbvkwJg2QGPAnfIJLIWsjZOSPLOAykK6fuYp4vp4A==}

  '@types/prop-types@15.7.12':
    resolution: {integrity: sha512-5zvhXYtRNRluoE/jAp4GVsSduVUzNWKkOZrCDBWYtE7biZywwdC2AcEzg+cSMLFRfVgeAFqpfNabiPjxFddV1Q==}

  '@types/react-dom@18.3.0':
    resolution: {integrity: sha512-EhwApuTmMBmXuFOikhQLIBUn6uFg81SwLMOAUgodJF14SOBOCMdU04gDoYi0WOJJHD144TL32z4yDqCW3dnkQg==}

  '@types/react@18.3.3':
    resolution: {integrity: sha512-hti/R0pS0q1/xx+TsI73XIqk26eBsISZ2R0wUijXIngRK9R/e7Xw/cXVxQK7R5JjW+SV4zGcn5hXjudkN/pLIw==}

  braces@3.0.3:
    resolution: {integrity: sha512-yQbXgO/OSZVD2IsiLlro+7Hf6Q18EJrKSEsdoMzKePKXct3gvD8oLcOQdIzGupr5Fj+EDe8gO/lxc1BzfMpxvA==}
    engines: {node: '>=8'}

  caniuse-lite@1.0.30001633:
    resolution: {integrity: sha512-6sT0yf/z5jqf8tISAgpJDrmwOpLsrpnyCdD/lOZKvKkkJK4Dn0X5i7KF7THEZhOq+30bmhwBlNEaqPUiHiKtZg==}

  core-js@3.36.1:
    resolution: {integrity: sha512-BTvUrwxVBezj5SZ3f10ImnX2oRByMxql3EimVqMysepbC9EeMUOpLwdy6Eoili2x6E4kf+ZUB5k/+Jv55alPfA==}

  csstype@3.1.3:
    resolution: {integrity: sha512-M1uQkMl8rQK/szD0LNhtqxIPLpimGm8sOBwU7lLnCpSbTyY3yeU1Vc7l4KT5zT4s/yOxHH5O7tIuuLOCnLADRw==}

  fast-glob@3.3.2:
    resolution: {integrity: sha512-oX2ruAFQwf/Orj8m737Y5adxDQO0LAB7/S5MnxCdTNDd4p6BsyIVsv9JQsATbTSq8KHRpLwIHbVlUNatxd+1Ow==}
    engines: {node: '>=8.6.0'}

  fastq@1.17.1:
    resolution: {integrity: sha512-sRVD3lWVIXWg6By68ZN7vho9a1pQcN/WBFaAAsDDFzlJjvoGx0P8z7V1t72grFJfJhu3YPZBuu25f7Kaw2jN1w==}

  fill-range@7.1.1:
    resolution: {integrity: sha512-YsGpe3WHLK8ZYi4tWDg2Jy3ebRz2rXowDxnld4bkQB00cc/1Zw9AWnC0i9ztDJitivtQvaI9KaLyKrc+hBW0yg==}
    engines: {node: '>=8'}

  fsevents@2.3.3:
    resolution: {integrity: sha512-5xoDfX+fL7faATnagmWPpbFtwh/R77WmMMqqHGS65C3vvB0YHrgF+B1YmZ3441tMj5n63k0212XNoJwzlhffQw==}
    engines: {node: ^8.16.0 || ^10.6.0 || >=11.0.0}
    os: [darwin]

  glob-parent@5.1.2:
    resolution: {integrity: sha512-AOIgSQCepiJYwP3ARnGx+5VnTu2HBYdzbGP45eLw1vr3zB3vZLeyed1sC9hnbcOc9/SrMyM5RPQrkGz4aS9Zow==}
    engines: {node: '>= 6'}

  html-rspack-plugin@5.7.2:
    resolution: {integrity: sha512-uVXGYq19bcsX7Q/53VqXQjCKXw0eUMHlFGDLTaqzgj/ckverfhZQvXyA6ecFBaF9XUH16jfCTCyALYi0lJcagg==}
    engines: {node: '>=10.13.0'}
    peerDependencies:
      '@rspack/core': 0.x || 1.x
    peerDependenciesMeta:
      '@rspack/core':
        optional: true

  is-extglob@2.1.1:
    resolution: {integrity: sha512-SbKbANkN603Vi4jEZv49LeVJMn4yGwsbzZworEoyEiutsN3nJYdbO36zfhGJ6QEDpOZIFkDtnq5JRxmvl3jsoQ==}
    engines: {node: '>=0.10.0'}

  is-glob@4.0.3:
    resolution: {integrity: sha512-xelSayHH36ZgE7ZWhli7pW34hNbNl8Ojv5KVmkJD4hBdD3th8Tfk9vYasLM+mXWOZhFkgZfxhLSnrwRr4elSSg==}
    engines: {node: '>=0.10.0'}

  is-number@7.0.0:
    resolution: {integrity: sha512-41Cifkg6e8TylSpdtTpeLVMqvSBEVzTttHvERD741+pnZ8ANv0004MRL43QKPDlK9cGvNp6NZWZUBlbGXYxxng==}
    engines: {node: '>=0.12.0'}

  js-tokens@4.0.0:
    resolution: {integrity: sha512-RdJUflcE3cUzKiMqQgsCu06FPu9UdIJO0beYbPhHN4k6apgJtifcoCtT9bcxOpYBtpD2kCM6Sbzg4CausW/PKQ==}

  loose-envify@1.4.0:
    resolution: {integrity: sha512-lyuxPGr/Wfhrlem2CL/UcnUc1zcqKAImBDzukY7Y5F/yQiNdko6+fRLevlw1HgMySw7f611UIY408EtxRSoK3Q==}
    hasBin: true

  merge2@1.4.1:
    resolution: {integrity: sha512-8q7VEgMJW4J8tcfVPy8g09NcQwZdbwFEqhe/WZkoIzjn/3TGDwtOCYtXGxA3O8tPzpczCCDgv+P2P5y00ZJOOg==}
    engines: {node: '>= 8'}

  micromatch@4.0.7:
    resolution: {integrity: sha512-LPP/3KorzCwBxfeUuZmaR6bG2kdeHSbe0P2tY3FLRU4vYrjYz5hI4QZwV0njUx3jeuKe67YukQ1LSPZBKDqO/Q==}
    engines: {node: '>=8.6'}

  nanoid@3.3.7:
    resolution: {integrity: sha512-eSRppjcPIatRIMC1U6UngP8XFcz8MQWGQdt1MTBQ7NaAmvXDfvNxbvWV3x2y6CdEUciCSsDHDQZbhYaB8QEo2g==}
    engines: {node: ^10 || ^12 || ^13.7 || ^14 || >=15.0.1}
    hasBin: true

  picocolors@1.0.1:
    resolution: {integrity: sha512-anP1Z8qwhkbmu7MFP5iTt+wQKXgwzf7zTyGlcdzabySa9vd0Xt392U0rVmz9poOaBj0uHJKyyo9/upk0HrEQew==}

  picomatch@2.3.1:
    resolution: {integrity: sha512-JU3teHTNjmE2VCGFzuY8EXzCDVwEqB2a8fsIvwaStHhAWJEeVd1o1QD80CU6+ZdEXXSLbSsuLwJjkCBWqRQUVA==}
    engines: {node: '>=8.6'}

  postcss@8.4.38:
    resolution: {integrity: sha512-Wglpdk03BSfXkHoQa3b/oulrotAkwrlLDRSOb9D0bN86FdRyE9lppSp33aHNPgBa0JKCoB+drFLZkQoRRYae5A==}
    engines: {node: ^10 || ^12 || >=14}

  queue-microtask@1.2.3:
    resolution: {integrity: sha512-NuaNSa6flKT5JaSYQzJok04JzTL1CA6aGhv5rfLW3PgqA+M2ChpZQnAC8h8i4ZFkBS8X5RqkDBHA7r4hej3K9A==}

  react-dom@18.3.1:
    resolution: {integrity: sha512-5m4nQKp+rZRb09LNH59GM4BxTh9251/ylbKIbpe7TpGxfJ+9kv6BLkLBXIjjspbgbnIBNqlI23tRnTWT0snUIw==}
    peerDependencies:
      react: ^18.3.1

  react-refresh@0.14.2:
    resolution: {integrity: sha512-jCvmsr+1IUSMUyzOkRcvnVbX3ZYC6g9TDrDbFuFmRDq7PD4yaGbLKNQL6k2jnArV8hjYxh7hVhAZB6s9HDGpZA==}
    engines: {node: '>=0.10.0'}

  react@18.3.1:
    resolution: {integrity: sha512-wS+hAgJShR0KhEvPJArfuPVN1+Hz1t0Y6n5jLrGQbkb4urgPE/0Rve+1kMB1v/oWgHgm4WIcV+i7F2pTVj+2iQ==}
    engines: {node: '>=0.10.0'}

  reusify@1.0.4:
    resolution: {integrity: sha512-U9nH88a3fc/ekCF1l0/UP1IosiuIjyTh7hBvXVMHYgVcfGvt897Xguj2UOLDeI5BG2m7/uwyaLVT6fbtCwTyzw==}
    engines: {iojs: '>=1.0.0', node: '>=0.10.0'}

  run-parallel@1.2.0:
    resolution: {integrity: sha512-5l4VyZR86LZ/lDxZTR6jqL8AFE2S0IFLMP26AbjsLVADxHdhB/c0GUsH+y39UfCi3dzz8OlQuPmnaJOMoDHQBA==}

  scheduler@0.23.2:
    resolution: {integrity: sha512-UOShsPwz7NrMUqhR6t0hWjFduvOzbtv7toDH1/hIrfRNIDBnnBWd0CwJTGvTpngVlmwGCdP9/Zl/tVrDqcuYzQ==}

  source-map-js@1.2.0:
    resolution: {integrity: sha512-itJW8lvSA0TXEphiRoawsCksnlf8SyvmFzIhltqAHluXd88pkCd+cXJVHTDwdCr0IzwptSm035IHQktUu1QUMg==}
    engines: {node: '>=0.10.0'}

  tapable@2.2.1:
    resolution: {integrity: sha512-GNzQvQTOIP6RyTfE2Qxb8ZVlNmw0n88vp1szwWRimP02mnTsx3Wtn5qRdqY9w2XduFNUgvOwhNnQsjwCp+kqaQ==}
    engines: {node: '>=6'}

  to-regex-range@5.0.1:
    resolution: {integrity: sha512-65P7iz6X5yEr1cwcgvQxbbIw7Uk3gOy5dIdtZ4rDveLqhrdJP+Li/Hx6tyK0NEb+2GCyneCMJiGqrADCSNk8sQ==}
    engines: {node: '>=8.0'}

  tslib@2.6.3:
    resolution: {integrity: sha512-xNvxJEOUiWPGhUuUdQgAJPKOOJfGnIyKySOc09XkKsgdUV/3E2zvwZYdejjmRgPCgcym1juLH3226yA7sEFJKQ==}

  typescript@5.4.5:
    resolution: {integrity: sha512-vcI4UpRgg81oIRUFwR0WSIHKt11nJ7SAVlYNIu+QpqeyXP+gpQJy/Z4+F0aGxSE4MqwjyXvW/TzgkLAx2AGHwQ==}
    engines: {node: '>=14.17'}
    hasBin: true

  webpack-sources@3.2.3:
    resolution: {integrity: sha512-/DyMEOrDgLKKIG0fmvtz+4dUX/3Ghozwgm6iPp8KRhvn+eQf9+Q7GWxVNMk3+uCPWfdXYC4ExGBckIXdFEfH1w==}
    engines: {node: '>=10.13.0'}

snapshots:

  '@biomejs/biome@1.8.1':
    optionalDependencies:
      '@biomejs/cli-darwin-arm64': 1.8.1
      '@biomejs/cli-darwin-x64': 1.8.1
      '@biomejs/cli-linux-arm64': 1.8.1
      '@biomejs/cli-linux-arm64-musl': 1.8.1
      '@biomejs/cli-linux-x64': 1.8.1
      '@biomejs/cli-linux-x64-musl': 1.8.1
      '@biomejs/cli-win32-arm64': 1.8.1
      '@biomejs/cli-win32-x64': 1.8.1

  '@biomejs/cli-darwin-arm64@1.8.1':
    optional: true

  '@biomejs/cli-darwin-x64@1.8.1':
    optional: true

  '@biomejs/cli-linux-arm64-musl@1.8.1':
    optional: true

  '@biomejs/cli-linux-arm64@1.8.1':
    optional: true

  '@biomejs/cli-linux-x64-musl@1.8.1':
    optional: true

  '@biomejs/cli-linux-x64@1.8.1':
    optional: true

  '@biomejs/cli-win32-arm64@1.8.1':
    optional: true

  '@biomejs/cli-win32-x64@1.8.1':
    optional: true

  '@module-federation/runtime-tools@0.1.6':
    dependencies:
      '@module-federation/runtime': 0.1.6
      '@module-federation/webpack-bundler-runtime': 0.1.6

  '@module-federation/runtime@0.1.6':
    dependencies:
      '@module-federation/sdk': 0.1.6

  '@module-federation/sdk@0.1.6': {}

  '@module-federation/webpack-bundler-runtime@0.1.6':
    dependencies:
      '@module-federation/runtime': 0.1.6
      '@module-federation/sdk': 0.1.6

  '@nodelib/fs.scandir@2.1.5':
    dependencies:
      '@nodelib/fs.stat': 2.0.5
      run-parallel: 1.2.0

  '@nodelib/fs.stat@2.0.5': {}

  '@nodelib/fs.walk@1.2.8':
    dependencies:
      '@nodelib/fs.scandir': 2.1.5
      fastq: 1.17.1

  '@rsbuild/core@0.7.7':
    dependencies:
      '@rsbuild/shared': 0.7.7(@swc/helpers@0.5.3)
      '@rspack/core': 0.7.3(@swc/helpers@0.5.3)
      '@swc/helpers': 0.5.3
      core-js: 3.36.1
      html-webpack-plugin: html-rspack-plugin@5.7.2(@rspack/core@0.7.3(@swc/helpers@0.5.3))
      postcss: 8.4.38

  '@rsbuild/plugin-react@0.7.7(@rsbuild/core@0.7.7)(@swc/helpers@0.5.3)':
    dependencies:
      '@rsbuild/core': 0.7.7
      '@rsbuild/shared': 0.7.7(@swc/helpers@0.5.3)
      '@rspack/plugin-react-refresh': 0.7.3(react-refresh@0.14.2)
      react-refresh: 0.14.2
    transitivePeerDependencies:
      - '@swc/helpers'

  '@rsbuild/plugin-source-build@0.7.7(@rsbuild/core@0.7.7)(@swc/helpers@0.5.3)':
    dependencies:
      '@rsbuild/core': 0.7.7
      '@rsbuild/shared': 0.7.7(@swc/helpers@0.5.3)
      fast-glob: 3.3.2
    transitivePeerDependencies:
      - '@swc/helpers'

  '@rsbuild/shared@0.7.7(@swc/helpers@0.5.3)':
    dependencies:
      '@rspack/core': 0.7.3(@swc/helpers@0.5.3)
      caniuse-lite: 1.0.30001633
      html-webpack-plugin: html-rspack-plugin@5.7.2(@rspack/core@0.7.3(@swc/helpers@0.5.3))
      postcss: 8.4.38
    optionalDependencies:
      fsevents: 2.3.3
    transitivePeerDependencies:
      - '@swc/helpers'

  '@rspack/binding-darwin-arm64@0.7.3':
    optional: true

  '@rspack/binding-darwin-x64@0.7.3':
    optional: true

  '@rspack/binding-linux-arm64-gnu@0.7.3':
    optional: true

  '@rspack/binding-linux-arm64-musl@0.7.3':
    optional: true

  '@rspack/binding-linux-x64-gnu@0.7.3':
    optional: true

  '@rspack/binding-linux-x64-musl@0.7.3':
    optional: true

  '@rspack/binding-win32-arm64-msvc@0.7.3':
    optional: true

  '@rspack/binding-win32-ia32-msvc@0.7.3':
    optional: true

  '@rspack/binding-win32-x64-msvc@0.7.3':
    optional: true

  '@rspack/binding@0.7.3':
    optionalDependencies:
      '@rspack/binding-darwin-arm64': 0.7.3
      '@rspack/binding-darwin-x64': 0.7.3
      '@rspack/binding-linux-arm64-gnu': 0.7.3
      '@rspack/binding-linux-arm64-musl': 0.7.3
      '@rspack/binding-linux-x64-gnu': 0.7.3
      '@rspack/binding-linux-x64-musl': 0.7.3
      '@rspack/binding-win32-arm64-msvc': 0.7.3
      '@rspack/binding-win32-ia32-msvc': 0.7.3
      '@rspack/binding-win32-x64-msvc': 0.7.3

  '@rspack/core@0.7.3(@swc/helpers@0.5.3)':
    dependencies:
      '@module-federation/runtime-tools': 0.1.6
      '@rspack/binding': 0.7.3
      caniuse-lite: 1.0.30001633
      tapable: 2.2.1
      webpack-sources: 3.2.3
    optionalDependencies:
      '@swc/helpers': 0.5.3

  '@rspack/plugin-react-refresh@0.7.3(react-refresh@0.14.2)':
    optionalDependencies:
      react-refresh: 0.14.2

  '@swc/helpers@0.5.3':
    dependencies:
      tslib: 2.6.3

  '@types/prop-types@15.7.12': {}

  '@types/react-dom@18.3.0':
    dependencies:
      '@types/react': 18.3.3

  '@types/react@18.3.3':
    dependencies:
      '@types/prop-types': 15.7.12
      csstype: 3.1.3

  braces@3.0.3:
    dependencies:
      fill-range: 7.1.1

  caniuse-lite@1.0.30001633: {}

  core-js@3.36.1: {}

  csstype@3.1.3: {}

  fast-glob@3.3.2:
    dependencies:
      '@nodelib/fs.stat': 2.0.5
      '@nodelib/fs.walk': 1.2.8
      glob-parent: 5.1.2
      merge2: 1.4.1
      micromatch: 4.0.7

  fastq@1.17.1:
    dependencies:
      reusify: 1.0.4

  fill-range@7.1.1:
    dependencies:
      to-regex-range: 5.0.1

  fsevents@2.3.3:
    optional: true

  glob-parent@5.1.2:
    dependencies:
      is-glob: 4.0.3

  html-rspack-plugin@5.7.2(@rspack/core@0.7.3(@swc/helpers@0.5.3)):
    optionalDependencies:
      '@rspack/core': 0.7.3(@swc/helpers@0.5.3)

  is-extglob@2.1.1: {}

  is-glob@4.0.3:
    dependencies:
      is-extglob: 2.1.1

  is-number@7.0.0: {}

  js-tokens@4.0.0: {}

  loose-envify@1.4.0:
    dependencies:
      js-tokens: 4.0.0

  merge2@1.4.1: {}

  micromatch@4.0.7:
    dependencies:
      braces: 3.0.3
      picomatch: 2.3.1

  nanoid@3.3.7: {}

  picocolors@1.0.1: {}

  picomatch@2.3.1: {}

  postcss@8.4.38:
    dependencies:
      nanoid: 3.3.7
      picocolors: 1.0.1
      source-map-js: 1.2.0

  queue-microtask@1.2.3: {}

  react-dom@18.3.1(react@18.3.1):
    dependencies:
      loose-envify: 1.4.0
      react: 18.3.1
      scheduler: 0.23.2

  react-refresh@0.14.2: {}

  react@18.3.1:
    dependencies:
      loose-envify: 1.4.0

  reusify@1.0.4: {}

  run-parallel@1.2.0:
    dependencies:
      queue-microtask: 1.2.3

  scheduler@0.23.2:
    dependencies:
      loose-envify: 1.4.0

  source-map-js@1.2.0: {}

  tapable@2.2.1: {}

  to-regex-range@5.0.1:
    dependencies:
      is-number: 7.0.0

  tslib@2.6.3: {}

  typescript@5.4.5: {}

  webpack-sources@3.2.3: {}
